
Microsoft Visual Studio Solution File, Format Version 12.00
# Visual Studio Version 17
VisualStudioVersion = 17.5.001.0
MinimumVisualStudioVersion = 10.0.40219.1
Project("{2150E333-8FDC-42A3-9474-1A3956D46DE8}") = "example-voting-app", "example-voting-app", "{1F36C6D7-FC41-4EC0-8020-EDD23E585EA6}"
EndProject
Project("{9A19103F-16F7-4668-BE54-9A1E7A4F7556}") = "Worker", "example-voting-app\worker\Worker.csproj", "{9BD4D061-A899-437E-9429-074C074711E6}"
EndProject
Project("{2150E333-8FDC-42A3-9474-1A3956D46DE8}") = "netcore-cli", "netcore-cli", "{7B978042-FFD2-413E-85A3-02E5933A189C}"
EndProject
Project("{9A19103F-16F7-4668-BE54-9A1E7A4F7556}") = "netcore-btestv", "netcore-cli\netcore-btestv\netcore-btestv.csproj", "{50A1DE62-F339-41D8-9F8D-0C78FC5DDE0F}"
EndProject
Global
	GlobalSection(SolutionConfigurationPlatforms) = preSolution
		Debug|Any CPU = Debug|Any CPU
		Release|Any CPU = Release|Any CPU
	EndGlobalSection
	GlobalSection(ProjectConfigurationPlatforms) = postSolution
		{9BD4D061-A899-437E-9429-074C074711E6}.Debug|Any CPU.ActiveCfg = Debug|Any CPU
		{9BD4D061-A899-437E-9429-074C074711E6}.Debug|Any CPU.Build.0 = Debug|Any CPU
		{9BD4D061-A899-437E-9429-074C074711E6}.Release|Any CPU.ActiveCfg = Release|Any CPU
		{9BD4D061-A899-437E-9429-074C074711E6}.Release|Any CPU.Build.0 = Release|Any CPU
		{50A1DE62-F339-41D8-9F8D-0C78FC5DDE0F}.Debug|Any CPU.ActiveCfg = Debug|Any CPU
		{50A1DE62-F339-41D8-9F8D-0C78FC5DDE0F}.Debug|Any CPU.Build.0 = Debug|Any CPU
		{50A1DE62-F339-41D8-9F8D-0C78FC5DDE0F}.Release|Any CPU.ActiveCfg = Release|Any CPU
		{50A1DE62-F339-41D8-9F8D-0C78FC5DDE0F}.Release|Any CPU.Build.0 = Release|Any CPU
	EndGlobalSection
	GlobalSection(SolutionProperties) = preSolution
		HideSolutionNode = FALSE
	EndGlobalSection
	GlobalSection(NestedProjects) = preSolution
		{9BD4D061-A899-437E-9429-074C074711E6} = {1F36C6D7-FC41-4EC0-8020-EDD23E585EA6}
		{50A1DE62-F339-41D8-9F8D-0C78FC5DDE0F} = {7B978042-FFD2-413E-85A3-02E5933A189C}
	EndGlobalSection
	GlobalSection(ExtensibilityGlobals) = postSolution
		SolutionGuid = {7884AF66-3BE1-4F78-8BBF-782A19C8FA21}
	EndGlobalSection
EndGlobal
